{
  "name": "Callback-Promise-AsyncAwait",
  "version": "1.0.0",
  "lockfileVersion": 2,
  "requires": true,
  "packages": {
    "": {
      "version": "1.0.0",
      "license": "ISC",
      "dependencies": {
        "readfile": "^1.0.1"
      }
    },
    "node_modules/readfile": {
      "version": "1.0.1",
      "resolved": "https://registry.npmjs.org/readfile/-/readfile-1.0.1.tgz",
      "integrity": "sha1-Xlw2dpCzH7MxhFKWA2OVnAMjekg="
    }
  },
  "dependencies": {
    "readfile": {
      "version": "1.0.1",
      "resolved": "https://registry.npmjs.org/readfile/-/readfile-1.0.1.tgz",
      "integrity": "sha1-Xlw2dpCzH7MxhFKWA2OVnAMjekg="
    }
  }
}
